
Microsoft Visual Studio Solution File, Format Version 12.00
# Visual Studio 2012
Project("{FAE04EC0-301F-11D3-BF4B-00C04F79EFBC}") = "Proyecto ADC", "Proyecto ADC\Proyecto ADC.csproj", "{DE5A1EB4-76CF-4869-8DFD-F6307BDD31AB}"
EndProject
Global
	GlobalSection(SolutionConfigurationPlatforms) = preSolution
		Debug|Any CPU = Debug|Any CPU
		Release|Any CPU = Release|Any CPU
	EndGlobalSection
	GlobalSection(ProjectConfigurationPlatforms) = postSolution
		{DE5A1EB4-76CF-4869-8DFD-F6307BDD31AB}.Debug|Any CPU.ActiveCfg = Debug|Any CPU
		{DE5A1EB4-76CF-4869-8DFD-F6307BDD31AB}.Debug|Any CPU.Build.0 = Debug|Any CPU
		{DE5A1EB4-76CF-4869-8DFD-F6307BDD31AB}.Release|Any CPU.ActiveCfg = Release|Any CPU
		{DE5A1EB4-76CF-4869-8DFD-F6307BDD31AB}.Release|Any CPU.Build.0 = Release|Any CPU
	EndGlobalSection
	GlobalSection(SolutionProperties) = preSolution
		HideSolutionNode = FALSE
	EndGlobalSection
EndGlobal
